
Microsoft Visual Studio Solution File, Format Version 12.00
# Visual Studio Version 16
VisualStudioVersion = 16.0.31613.86
MinimumVisualStudioVersion = 10.0.40219.1
Project("{9A19103F-16F7-4668-BE54-9A1E7A4F7556}") = "HelloWorld", "HelloWorld\HelloWorld.csproj", "{0740A2DA-0019-4929-BFED-D365079F4E61}"
EndProject
Project("{9A19103F-16F7-4668-BE54-9A1E7A4F7556}") = "FizzBuzz", "FizzBuzz\FizzBuzz.csproj", "{D24BEFC0-AD0C-47B4-BD4F-EE72776D310E}"
EndProject
Project("{9A19103F-16F7-4668-BE54-9A1E7A4F7556}") = "Paycheck", "Paycheck\Paycheck.csproj", "{2AAD826C-ED02-415B-BE82-566EC4E821B4}"
EndProject
Project("{9A19103F-16F7-4668-BE54-9A1E7A4F7556}") = "DetectEvenNumber", "DetectEvenNumber\DetectEvenNumber.csproj", "{4F200599-41BD-4962-995B-2C275C576654}"
EndProject
Project("{9A19103F-16F7-4668-BE54-9A1E7A4F7556}") = "AverageTemperature", "AverageTemperature\AverageTemperature.csproj", "{8E95CD86-203D-4B11-8314-DD386212EAAF}"
EndProject
Project("{9A19103F-16F7-4668-BE54-9A1E7A4F7556}") = "MessingAroundWithMonth", "MessingAroundWithMonth\MessingAroundWithMonth.csproj", "{C9BBA826-AFB0-483A-BC00-9593170423B5}"
EndProject
Project("{9A19103F-16F7-4668-BE54-9A1E7A4F7556}") = "SeaBattleGame", "SeaBattleGame\SeaBattleGame.csproj", "{E232E5FE-E950-4A2F-92B2-38332B0A26C8}"
EndProject
Project("{9A19103F-16F7-4668-BE54-9A1E7A4F7556}") = "Lesson3_3", "Lesson3_3\Lesson3_3.csproj", "{B52F3DD1-28F8-4EEE-994C-A468AD583A58}"
EndProject
Project("{9A19103F-16F7-4668-BE54-9A1E7A4F7556}") = "Lesson3_2", "Lesson3_2\Lesson3_2.csproj", "{5B7249EE-A908-408B-806C-83108BFBA510}"
EndProject
Project("{9A19103F-16F7-4668-BE54-9A1E7A4F7556}") = "LessonArrays1", "LessonArrays1\LessonArrays1.csproj", "{215059F2-855B-433B-8991-33B08211B151}"
EndProject
Project("{9A19103F-16F7-4668-BE54-9A1E7A4F7556}") = "Lesson4_4", "Lesson4_4\Lesson4_4.csproj", "{AA9A3DB7-0B4C-4ED2-9936-2B5101BC0530}"
EndProject
Project("{9A19103F-16F7-4668-BE54-9A1E7A4F7556}") = "Lesson4_3", "Lesson4_3\Lesson4_3.csproj", "{E5686FE8-32BC-42F7-A2C3-7E0A0272FAC7}"
EndProject
Project("{9A19103F-16F7-4668-BE54-9A1E7A4F7556}") = "Lesson4_2", "Lesson4_2\Lesson4_2.csproj", "{4E9309FA-68C6-424D-A9A9-E9696C8CE6F7}"
EndProject
Project("{9A19103F-16F7-4668-BE54-9A1E7A4F7556}") = "GetFullName", "GetFullName\GetFullName.csproj", "{516B9D54-EB7F-45A4-99A7-7744D6777DC8}"
EndProject
Project("{FAE04EC0-301F-11D3-BF4B-00C04F79EFBC}") = "Lesson5_2", "Lesson5_2\Lesson5_2.csproj", "{7F51B5CE-E48D-410E-8154-6B6D3654049E}"
EndProject
Global
	GlobalSection(SolutionConfigurationPlatforms) = preSolution
		Debug|Any CPU = Debug|Any CPU
		Release|Any CPU = Release|Any CPU
	EndGlobalSection
	GlobalSection(ProjectConfigurationPlatforms) = postSolution
		{0740A2DA-0019-4929-BFED-D365079F4E61}.Debug|Any CPU.ActiveCfg = Debug|Any CPU
		{0740A2DA-0019-4929-BFED-D365079F4E61}.Debug|Any CPU.Build.0 = Debug|Any CPU
		{0740A2DA-0019-4929-BFED-D365079F4E61}.Release|Any CPU.ActiveCfg = Release|Any CPU
		{0740A2DA-0019-4929-BFED-D365079F4E61}.Release|Any CPU.Build.0 = Release|Any CPU
		{D24BEFC0-AD0C-47B4-BD4F-EE72776D310E}.Debug|Any CPU.ActiveCfg = Debug|Any CPU
		{D24BEFC0-AD0C-47B4-BD4F-EE72776D310E}.Debug|Any CPU.Build.0 = Debug|Any CPU
		{D24BEFC0-AD0C-47B4-BD4F-EE72776D310E}.Release|Any CPU.ActiveCfg = Release|Any CPU
		{D24BEFC0-AD0C-47B4-BD4F-EE72776D310E}.Release|Any CPU.Build.0 = Release|Any CPU
		{2AAD826C-ED02-415B-BE82-566EC4E821B4}.Debug|Any CPU.ActiveCfg = Debug|Any CPU
		{2AAD826C-ED02-415B-BE82-566EC4E821B4}.Debug|Any CPU.Build.0 = Debug|Any CPU
		{2AAD826C-ED02-415B-BE82-566EC4E821B4}.Release|Any CPU.ActiveCfg = Release|Any CPU
		{2AAD826C-ED02-415B-BE82-566EC4E821B4}.Release|Any CPU.Build.0 = Release|Any CPU
		{4F200599-41BD-4962-995B-2C275C576654}.Debug|Any CPU.ActiveCfg = Debug|Any CPU
		{4F200599-41BD-4962-995B-2C275C576654}.Debug|Any CPU.Build.0 = Debug|Any CPU
		{4F200599-41BD-4962-995B-2C275C576654}.Release|Any CPU.ActiveCfg = Release|Any CPU
		{4F200599-41BD-4962-995B-2C275C576654}.Release|Any CPU.Build.0 = Release|Any CPU
		{8E95CD86-203D-4B11-8314-DD386212EAAF}.Debug|Any CPU.ActiveCfg = Debug|Any CPU
		{8E95CD86-203D-4B11-8314-DD386212EAAF}.Debug|Any CPU.Build.0 = Debug|Any CPU
		{8E95CD86-203D-4B11-8314-DD386212EAAF}.Release|Any CPU.ActiveCfg = Release|Any CPU
		{8E95CD86-203D-4B11-8314-DD386212EAAF}.Release|Any CPU.Build.0 = Release|Any CPU
		{C9BBA826-AFB0-483A-BC00-9593170423B5}.Debug|Any CPU.ActiveCfg = Debug|Any CPU
		{C9BBA826-AFB0-483A-BC00-9593170423B5}.Debug|Any CPU.Build.0 = Debug|Any CPU
		{C9BBA826-AFB0-483A-BC00-9593170423B5}.Release|Any CPU.ActiveCfg = Release|Any CPU
		{C9BBA826-AFB0-483A-BC00-9593170423B5}.Release|Any CPU.Build.0 = Release|Any CPU
		{E232E5FE-E950-4A2F-92B2-38332B0A26C8}.Debug|Any CPU.ActiveCfg = Debug|Any CPU
		{E232E5FE-E950-4A2F-92B2-38332B0A26C8}.Debug|Any CPU.Build.0 = Debug|Any CPU
		{E232E5FE-E950-4A2F-92B2-38332B0A26C8}.Release|Any CPU.ActiveCfg = Release|Any CPU
		{E232E5FE-E950-4A2F-92B2-38332B0A26C8}.Release|Any CPU.Build.0 = Release|Any CPU
		{B52F3DD1-28F8-4EEE-994C-A468AD583A58}.Debug|Any CPU.ActiveCfg = Debug|Any CPU
		{B52F3DD1-28F8-4EEE-994C-A468AD583A58}.Debug|Any CPU.Build.0 = Debug|Any CPU
		{B52F3DD1-28F8-4EEE-994C-A468AD583A58}.Release|Any CPU.ActiveCfg = Release|Any CPU
		{B52F3DD1-28F8-4EEE-994C-A468AD583A58}.Release|Any CPU.Build.0 = Release|Any CPU
		{5B7249EE-A908-408B-806C-83108BFBA510}.Debug|Any CPU.ActiveCfg = Debug|Any CPU
		{5B7249EE-A908-408B-806C-83108BFBA510}.Debug|Any CPU.Build.0 = Debug|Any CPU
		{5B7249EE-A908-408B-806C-83108BFBA510}.Release|Any CPU.ActiveCfg = Release|Any CPU
		{5B7249EE-A908-408B-806C-83108BFBA510}.Release|Any CPU.Build.0 = Release|Any CPU
		{215059F2-855B-433B-8991-33B08211B151}.Debug|Any CPU.ActiveCfg = Debug|Any CPU
		{215059F2-855B-433B-8991-33B08211B151}.Debug|Any CPU.Build.0 = Debug|Any CPU
		{215059F2-855B-433B-8991-33B08211B151}.Release|Any CPU.ActiveCfg = Release|Any CPU
		{215059F2-855B-433B-8991-33B08211B151}.Release|Any CPU.Build.0 = Release|Any CPU
		{AA9A3DB7-0B4C-4ED2-9936-2B5101BC0530}.Debug|Any CPU.ActiveCfg = Debug|Any CPU
		{AA9A3DB7-0B4C-4ED2-9936-2B5101BC0530}.Debug|Any CPU.Build.0 = Debug|Any CPU
		{AA9A3DB7-0B4C-4ED2-9936-2B5101BC0530}.Release|Any CPU.ActiveCfg = Release|Any CPU
		{AA9A3DB7-0B4C-4ED2-9936-2B5101BC0530}.Release|Any CPU.Build.0 = Release|Any CPU
		{E5686FE8-32BC-42F7-A2C3-7E0A0272FAC7}.Debug|Any CPU.ActiveCfg = Debug|Any CPU
		{E5686FE8-32BC-42F7-A2C3-7E0A0272FAC7}.Debug|Any CPU.Build.0 = Debug|Any CPU
		{E5686FE8-32BC-42F7-A2C3-7E0A0272FAC7}.Release|Any CPU.ActiveCfg = Release|Any CPU
		{E5686FE8-32BC-42F7-A2C3-7E0A0272FAC7}.Release|Any CPU.Build.0 = Release|Any CPU
		{4E9309FA-68C6-424D-A9A9-E9696C8CE6F7}.Debug|Any CPU.ActiveCfg = Debug|Any CPU
		{4E9309FA-68C6-424D-A9A9-E9696C8CE6F7}.Debug|Any CPU.Build.0 = Debug|Any CPU
		{4E9309FA-68C6-424D-A9A9-E9696C8CE6F7}.Release|Any CPU.ActiveCfg = Release|Any CPU
		{4E9309FA-68C6-424D-A9A9-E9696C8CE6F7}.Release|Any CPU.Build.0 = Release|Any CPU
		{516B9D54-EB7F-45A4-99A7-7744D6777DC8}.Debug|Any CPU.ActiveCfg = Debug|Any CPU
		{516B9D54-EB7F-45A4-99A7-7744D6777DC8}.Debug|Any CPU.Build.0 = Debug|Any CPU
		{516B9D54-EB7F-45A4-99A7-7744D6777DC8}.Release|Any CPU.ActiveCfg = Release|Any CPU
		{516B9D54-EB7F-45A4-99A7-7744D6777DC8}.Release|Any CPU.Build.0 = Release|Any CPU
		{7F51B5CE-E48D-410E-8154-6B6D3654049E}.Debug|Any CPU.ActiveCfg = Debug|Any CPU
		{7F51B5CE-E48D-410E-8154-6B6D3654049E}.Debug|Any CPU.Build.0 = Debug|Any CPU
		{7F51B5CE-E48D-410E-8154-6B6D3654049E}.Release|Any CPU.ActiveCfg = Release|Any CPU
		{7F51B5CE-E48D-410E-8154-6B6D3654049E}.Release|Any CPU.Build.0 = Release|Any CPU
	EndGlobalSection
	GlobalSection(SolutionProperties) = preSolution
		HideSolutionNode = FALSE
	EndGlobalSection
	GlobalSection(ExtensibilityGlobals) = postSolution
		SolutionGuid = {861D022D-28A1-40AA-8CA5-9BCF5657529F}
	EndGlobalSection
EndGlobal
