
Microsoft Visual Studio Solution File, Format Version 12.00
# Visual Studio Version 16
VisualStudioVersion = 16.0.31613.86
MinimumVisualStudioVersion = 10.0.40219.1
Project("{9A19103F-16F7-4668-BE54-9A1E7A4F7556}") = "HelloWorld", "HelloWorld\HelloWorld.csproj", "{0740A2DA-0019-4929-BFED-D365079F4E61}"
EndProject
Project("{9A19103F-16F7-4668-BE54-9A1E7A4F7556}") = "FizzBuzz", "FizzBuzz\FizzBuzz.csproj", "{D24BEFC0-AD0C-47B4-BD4F-EE72776D310E}"
EndProject
Project("{FAE04EC0-301F-11D3-BF4B-00C04F79EFBC}") = "Paycheck", "Paycheck\Paycheck.csproj", "{2AAD826C-ED02-415B-BE82-566EC4E821B4}"
EndProject
Global
	GlobalSection(SolutionConfigurationPlatforms) = preSolution
		Debug|Any CPU = Debug|Any CPU
		Release|Any CPU = Release|Any CPU
	EndGlobalSection
	GlobalSection(ProjectConfigurationPlatforms) = postSolution
		{0740A2DA-0019-4929-BFED-D365079F4E61}.Debug|Any CPU.ActiveCfg = Debug|Any CPU
		{0740A2DA-0019-4929-BFED-D365079F4E61}.Debug|Any CPU.Build.0 = Debug|Any CPU
		{0740A2DA-0019-4929-BFED-D365079F4E61}.Release|Any CPU.ActiveCfg = Release|Any CPU
		{0740A2DA-0019-4929-BFED-D365079F4E61}.Release|Any CPU.Build.0 = Release|Any CPU
		{D24BEFC0-AD0C-47B4-BD4F-EE72776D310E}.Debug|Any CPU.ActiveCfg = Debug|Any CPU
		{D24BEFC0-AD0C-47B4-BD4F-EE72776D310E}.Debug|Any CPU.Build.0 = Debug|Any CPU
		{D24BEFC0-AD0C-47B4-BD4F-EE72776D310E}.Release|Any CPU.ActiveCfg = Release|Any CPU
		{D24BEFC0-AD0C-47B4-BD4F-EE72776D310E}.Release|Any CPU.Build.0 = Release|Any CPU
		{2AAD826C-ED02-415B-BE82-566EC4E821B4}.Debug|Any CPU.ActiveCfg = Debug|Any CPU
		{2AAD826C-ED02-415B-BE82-566EC4E821B4}.Debug|Any CPU.Build.0 = Debug|Any CPU
		{2AAD826C-ED02-415B-BE82-566EC4E821B4}.Release|Any CPU.ActiveCfg = Release|Any CPU
		{2AAD826C-ED02-415B-BE82-566EC4E821B4}.Release|Any CPU.Build.0 = Release|Any CPU
	EndGlobalSection
	GlobalSection(SolutionProperties) = preSolution
		HideSolutionNode = FALSE
	EndGlobalSection
	GlobalSection(ExtensibilityGlobals) = postSolution
		SolutionGuid = {861D022D-28A1-40AA-8CA5-9BCF5657529F}
	EndGlobalSection
EndGlobal
